// !$*UTF8*$!
{
	archiveVersion = 1;
	classes = {
	};
	objectVersion = 46;
	objects = {

/* Begin PBXBuildFile section */
		94441F221808CFD800E5BB99 /* Foundation.framework in Frameworks */ = {isa = PBXBuildFile; fileRef = 94441F211808CFD800E5BB99 /* Foundation.framework */; };
		94441F241808CFD800E5BB99 /* CoreGraphics.framework in Frameworks */ = {isa = PBXBuildFile; fileRef = 94441F231808CFD800E5BB99 /* CoreGraphics.framework */; };
		94441F261808CFD800E5BB99 /* UIKit.framework in Frameworks */ = {isa = PBXBuildFile; fileRef = 94441F251808CFD800E5BB99 /* UIKit.framework */; };
		94441F2C1808CFD800E5BB99 /* InfoPlist.strings in Resources */ = {isa = PBXBuildFile; fileRef = 94441F2A1808CFD800E5BB99 /* InfoPlist.strings */; };
		94441F2E1808CFD800E5BB99 /* main.m in Sources */ = {isa = PBXBuildFile; fileRef = 94441F2D1808CFD800E5BB99 /* main.m */; };
		94441F321808CFD800E5BB99 /* AppDelegate.m in Sources */ = {isa = PBXBuildFile; fileRef = 94441F311808CFD800E5BB99 /* AppDelegate.m */; };
		94441F341808CFD800E5BB99 /* Images.xcassets in Resources */ = {isa = PBXBuildFile; fileRef = 94441F331808CFD800E5BB99 /* Images.xcassets */; };
		94441F3B1808CFD800E5BB99 /* XCTest.framework in Frameworks */ = {isa = PBXBuildFile; fileRef = 94441F3A1808CFD800E5BB99 /* XCTest.framework */; };
		94441F3C1808CFD800E5BB99 /* Foundation.framework in Frameworks */ = {isa = PBXBuildFile; fileRef = 94441F211808CFD800E5BB99 /* Foundation.framework */; };
		94441F3D1808CFD800E5BB99 /* UIKit.framework in Frameworks */ = {isa = PBXBuildFile; fileRef = 94441F251808CFD800E5BB99 /* UIKit.framework */; };
		94441F451808CFD800E5BB99 /* InfoPlist.strings in Resources */ = {isa = PBXBuildFile; fileRef = 94441F431808CFD800E5BB99 /* InfoPlist.strings */; };
		94441F471808CFD800E5BB99 /* NerdfeedTests.m in Sources */ = {isa = PBXBuildFile; fileRef = 94441F461808CFD800E5BB99 /* NerdfeedTests.m */; };
		94441F521808EBFF00E5BB99 /* ListViewController.m in Sources */ = {isa = PBXBuildFile; fileRef = 94441F511808EBFF00E5BB99 /* ListViewController.m */; };
		94441F551809E67600E5BB99 /* RSSChannel.m in Sources */ = {isa = PBXBuildFile; fileRef = 94441F541809E67600E5BB99 /* RSSChannel.m */; };
		94441F58180A1C7100E5BB99 /* RSSItem.m in Sources */ = {isa = PBXBuildFile; fileRef = 94441F57180A1C7100E5BB99 /* RSSItem.m */; };
		94441F5B180A267900E5BB99 /* WebViewController.m in Sources */ = {isa = PBXBuildFile; fileRef = 94441F5A180A267900E5BB99 /* WebViewController.m */; };
		94441F5E180CA7B100E5BB99 /* ChannelViewController.m in Sources */ = {isa = PBXBuildFile; fileRef = 94441F5D180CA7B100E5BB99 /* ChannelViewController.m */; };
		94E26537180F55BA00128ADD /* BNRFeedStore.m in Sources */ = {isa = PBXBuildFile; fileRef = 94E26536180F55BA00128ADD /* BNRFeedStore.m */; };
/* End PBXBuildFile section */

/* Begin PBXContainerItemProxy section */
		94441F3E1808CFD800E5BB99 /* PBXContainerItemProxy */ = {
			isa = PBXContainerItemProxy;
			containerPortal = 94441F161808CFD800E5BB99 /* Project object */;
			proxyType = 1;
			remoteGlobalIDString = 94441F1D1808CFD800E5BB99;
			remoteInfo = Nerdfeed;
		};
/* End PBXContainerItemProxy section */

/* Begin PBXFileReference section */
		94441F1E1808CFD800E5BB99 /* Nerdfeed.app */ = {isa = PBXFileReference; explicitFileType = wrapper.application; includeInIndex = 0; path = Nerdfeed.app; sourceTree = BUILT_PRODUCTS_DIR; };
		94441F211808CFD800E5BB99 /* Foundation.framework */ = {isa = PBXFileReference; lastKnownFileType = wrapper.framework; name = Foundation.framework; path = System/Library/Frameworks/Foundation.framework; sourceTree = SDKROOT; };
		94441F231808CFD800E5BB99 /* CoreGraphics.framework */ = {isa = PBXFileReference; lastKnownFileType = wrapper.framework; name = CoreGraphics.framework; path = System/Library/Frameworks/CoreGraphics.framework; sourceTree = SDKROOT; };
		94441F251808CFD800E5BB99 /* UIKit.framework */ = {isa = PBXFileReference; lastKnownFileType = wrapper.framework; name = UIKit.framework; path = System/Library/Frameworks/UIKit.framework; sourceTree = SDKROOT; };
		94441F291808CFD800E5BB99 /* Nerdfeed-Info.plist */ = {isa = PBXFileReference; lastKnownFileType = text.plist.xml; path = "Nerdfeed-Info.plist"; sourceTree = "<group>"; };
		94441F2B1808CFD800E5BB99 /* en */ = {isa = PBXFileReference; lastKnownFileType = text.plist.strings; name = en; path = en.lproj/InfoPlist.strings; sourceTree = "<group>"; };
		94441F2D1808CFD800E5BB99 /* main.m */ = {isa = PBXFileReference; lastKnownFileType = sourcecode.c.objc; path = main.m; sourceTree = "<group>"; };
		94441F2F1808CFD800E5BB99 /* Nerdfeed-Prefix.pch */ = {isa = PBXFileReference; lastKnownFileType = sourcecode.c.h; path = "Nerdfeed-Prefix.pch"; sourceTree = "<group>"; };
		94441F301808CFD800E5BB99 /* AppDelegate.h */ = {isa = PBXFileReference; lastKnownFileType = sourcecode.c.h; path = AppDelegate.h; sourceTree = "<group>"; };
		94441F311808CFD800E5BB99 /* AppDelegate.m */ = {isa = PBXFileReference; lastKnownFileType = sourcecode.c.objc; path = AppDelegate.m; sourceTree = "<group>"; };
		94441F331808CFD800E5BB99 /* Images.xcassets */ = {isa = PBXFileReference; lastKnownFileType = folder.assetcatalog; path = Images.xcassets; sourceTree = "<group>"; };
		94441F391808CFD800E5BB99 /* NerdfeedTests.xctest */ = {isa = PBXFileReference; explicitFileType = wrapper.cfbundle; includeInIndex = 0; path = NerdfeedTests.xctest; sourceTree = BUILT_PRODUCTS_DIR; };
		94441F3A1808CFD800E5BB99 /* XCTest.framework */ = {isa = PBXFileReference; lastKnownFileType = wrapper.framework; name = XCTest.framework; path = Library/Frameworks/XCTest.framework; sourceTree = DEVELOPER_DIR; };
		94441F421808CFD800E5BB99 /* NerdfeedTests-Info.plist */ = {isa = PBXFileReference; lastKnownFileType = text.plist.xml; path = "NerdfeedTests-Info.plist"; sourceTree = "<group>"; };
		94441F441808CFD800E5BB99 /* en */ = {isa = PBXFileReference; lastKnownFileType = text.plist.strings; name = en; path = en.lproj/InfoPlist.strings; sourceTree = "<group>"; };
		94441F461808CFD800E5BB99 /* NerdfeedTests.m */ = {isa = PBXFileReference; lastKnownFileType = sourcecode.c.objc; path = NerdfeedTests.m; sourceTree = "<group>"; };
		94441F501808EBFF00E5BB99 /* ListViewController.h */ = {isa = PBXFileReference; fileEncoding = 4; lastKnownFileType = sourcecode.c.h; path = ListViewController.h; sourceTree = "<group>"; };
		94441F511808EBFF00E5BB99 /* ListViewController.m */ = {isa = PBXFileReference; fileEncoding = 4; lastKnownFileType = sourcecode.c.objc; path = ListViewController.m; sourceTree = "<group>"; };
		94441F531809E67600E5BB99 /* RSSChannel.h */ = {isa = PBXFileReference; fileEncoding = 4; lastKnownFileType = sourcecode.c.h; path = RSSChannel.h; sourceTree = "<group>"; };
		94441F541809E67600E5BB99 /* RSSChannel.m */ = {isa = PBXFileReference; fileEncoding = 4; lastKnownFileType = sourcecode.c.objc; path = RSSChannel.m; sourceTree = "<group>"; };
		94441F56180A1C7100E5BB99 /* RSSItem.h */ = {isa = PBXFileReference; fileEncoding = 4; lastKnownFileType = sourcecode.c.h; path = RSSItem.h; sourceTree = "<group>"; };
		94441F57180A1C7100E5BB99 /* RSSItem.m */ = {isa = PBXFileReference; fileEncoding = 4; lastKnownFileType = sourcecode.c.objc; path = RSSItem.m; sourceTree = "<group>"; };
		94441F59180A267900E5BB99 /* WebViewController.h */ = {isa = PBXFileReference; fileEncoding = 4; lastKnownFileType = sourcecode.c.h; path = WebViewController.h; sourceTree = "<group>"; };
		94441F5A180A267900E5BB99 /* WebViewController.m */ = {isa = PBXFileReference; fileEncoding = 4; lastKnownFileType = sourcecode.c.objc; path = WebViewController.m; sourceTree = "<group>"; };
		94441F5C180CA7B100E5BB99 /* ChannelViewController.h */ = {isa = PBXFileReference; fileEncoding = 4; lastKnownFileType = sourcecode.c.h; path = ChannelViewController.h; sourceTree = "<group>"; };
		94441F5D180CA7B100E5BB99 /* ChannelViewController.m */ = {isa = PBXFileReference; fileEncoding = 4; lastKnownFileType = sourcecode.c.objc; path = ChannelViewController.m; sourceTree = "<group>"; };
		94E26535180F55BA00128ADD /* BNRFeedStore.h */ = {isa = PBXFileReference; fileEncoding = 4; lastKnownFileType = sourcecode.c.h; name = BNRFeedStore.h; path = ../BNRFeedStore.h; sourceTree = "<group>"; };
		94E26536180F55BA00128ADD /* BNRFeedStore.m */ = {isa = PBXFileReference; fileEncoding = 4; lastKnownFileType = sourcecode.c.objc; name = BNRFeedStore.m; path = ../BNRFeedStore.m; sourceTree = "<group>"; };
/* End PBXFileReference section */

/* Begin PBXFrameworksBuildPhase section */
		94441F1B1808CFD800E5BB99 /* Frameworks */ = {
			isa = PBXFrameworksBuildPhase;
			buildActionMask = 2147483647;
			files = (
				94441F241808CFD800E5BB99 /* CoreGraphics.framework in Frameworks */,
				94441F261808CFD800E5BB99 /* UIKit.framework in Frameworks */,
				94441F221808CFD800E5BB99 /* Foundation.framework in Frameworks */,
			);
			runOnlyForDeploymentPostprocessing = 0;
		};
		94441F361808CFD800E5BB99 /* Frameworks */ = {
			isa = PBXFrameworksBuildPhase;
			buildActionMask = 2147483647;
			files = (
				94441F3B1808CFD800E5BB99 /* XCTest.framework in Frameworks */,
				94441F3D1808CFD800E5BB99 /* UIKit.framework in Frameworks */,
				94441F3C1808CFD800E5BB99 /* Foundation.framework in Frameworks */,
			);
			runOnlyForDeploymentPostprocessing = 0;
		};
/* End PBXFrameworksBuildPhase section */

/* Begin PBXGroup section */
		94441F151808CFD800E5BB99 = {
			isa = PBXGroup;
			children = (
				94441F271808CFD800E5BB99 /* Nerdfeed */,
				94441F401808CFD800E5BB99 /* NerdfeedTests */,
				94441F201808CFD800E5BB99 /* Frameworks */,
				94441F1F1808CFD800E5BB99 /* Products */,
			);
			sourceTree = "<group>";
		};
		94441F1F1808CFD800E5BB99 /* Products */ = {
			isa = PBXGroup;
			children = (
				94441F1E1808CFD800E5BB99 /* Nerdfeed.app */,
				94441F391808CFD800E5BB99 /* NerdfeedTests.xctest */,
			);
			name = Products;
			sourceTree = "<group>";
		};
		94441F201808CFD800E5BB99 /* Frameworks */ = {
			isa = PBXGroup;
			children = (
				94441F211808CFD800E5BB99 /* Foundation.framework */,
				94441F231808CFD800E5BB99 /* CoreGraphics.framework */,
				94441F251808CFD800E5BB99 /* UIKit.framework */,
				94441F3A1808CFD800E5BB99 /* XCTest.framework */,
			);
			name = Frameworks;
			sourceTree = "<group>";
		};
		94441F271808CFD800E5BB99 /* Nerdfeed */ = {
			isa = PBXGroup;
			children = (
				94E26535180F55BA00128ADD /* BNRFeedStore.h */,
				94E26536180F55BA00128ADD /* BNRFeedStore.m */,
				94441F301808CFD800E5BB99 /* AppDelegate.h */,
				94441F311808CFD800E5BB99 /* AppDelegate.m */,
				94441F501808EBFF00E5BB99 /* ListViewController.h */,
				94441F511808EBFF00E5BB99 /* ListViewController.m */,
				94441F59180A267900E5BB99 /* WebViewController.h */,
				94441F5A180A267900E5BB99 /* WebViewController.m */,
				94441F5C180CA7B100E5BB99 /* ChannelViewController.h */,
				94441F5D180CA7B100E5BB99 /* ChannelViewController.m */,
				94441F56180A1C7100E5BB99 /* RSSItem.h */,
				94441F57180A1C7100E5BB99 /* RSSItem.m */,
				94441F531809E67600E5BB99 /* RSSChannel.h */,
				94441F541809E67600E5BB99 /* RSSChannel.m */,
				94441F331808CFD800E5BB99 /* Images.xcassets */,
				94441F281808CFD800E5BB99 /* Supporting Files */,
			);
			path = Nerdfeed;
			sourceTree = "<group>";
		};
		94441F281808CFD800E5BB99 /* Supporting Files */ = {
			isa = PBXGroup;
			children = (
				94441F291808CFD800E5BB99 /* Nerdfeed-Info.plist */,
				94441F2A1808CFD800E5BB99 /* InfoPlist.strings */,
				94441F2D1808CFD800E5BB99 /* main.m */,
				94441F2F1808CFD800E5BB99 /* Nerdfeed-Prefix.pch */,
			);
			name = "Supporting Files";
			sourceTree = "<group>";
		};
		94441F401808CFD800E5BB99 /* NerdfeedTests */ = {
			isa = PBXGroup;
			children = (
				94441F461808CFD800E5BB99 /* NerdfeedTests.m */,
				94441F411808CFD800E5BB99 /* Supporting Files */,
			);
			path = NerdfeedTests;
			sourceTree = "<group>";
		};
		94441F411808CFD800E5BB99 /* Supporting Files */ = {
			isa = PBXGroup;
			children = (
				94441F421808CFD800E5BB99 /* NerdfeedTests-Info.plist */,
				94441F431808CFD800E5BB99 /* InfoPlist.strings */,
			);
			name = "Supporting Files";
			sourceTree = "<group>";
		};
/* End PBXGroup section */

/* Begin PBXNativeTarget section */
		94441F1D1808CFD800E5BB99 /* Nerdfeed */ = {
			isa = PBXNativeTarget;
			buildConfigurationList = 94441F4A1808CFD800E5BB99 /* Build configuration list for PBXNativeTarget "Nerdfeed" */;
			buildPhases = (
				94441F1A1808CFD800E5BB99 /* Sources */,
				94441F1B1808CFD800E5BB99 /* Frameworks */,
				94441F1C1808CFD800E5BB99 /* Resources */,
			);
			buildRules = (
			);
			dependencies = (
			);
			name = Nerdfeed;
			productName = Nerdfeed;
			productReference = 94441F1E1808CFD800E5BB99 /* Nerdfeed.app */;
			productType = "com.apple.product-type.application";
		};
		94441F381808CFD800E5BB99 /* NerdfeedTests */ = {
			isa = PBXNativeTarget;
			buildConfigurationList = 94441F4D1808CFD800E5BB99 /* Build configuration list for PBXNativeTarget "NerdfeedTests" */;
			buildPhases = (
				94441F351808CFD800E5BB99 /* Sources */,
				94441F361808CFD800E5BB99 /* Frameworks */,
				94441F371808CFD800E5BB99 /* Resources */,
			);
			buildRules = (
			);
			dependencies = (
				94441F3F1808CFD800E5BB99 /* PBXTargetDependency */,
			);
			name = NerdfeedTests;
			productName = NerdfeedTests;
			productReference = 94441F391808CFD800E5BB99 /* NerdfeedTests.xctest */;
			productType = "com.apple.product-type.bundle.unit-test";
		};
/* End PBXNativeTarget section */

/* Begin PBXProject section */
		94441F161808CFD800E5BB99 /* Project object */ = {
			isa = PBXProject;
			attributes = {
				LastUpgradeCheck = 0500;
				ORGANIZATIONNAME = "Ryan Case";
				TargetAttributes = {
					94441F381808CFD800E5BB99 = {
						TestTargetID = 94441F1D1808CFD800E5BB99;
					};
				};
			};
			buildConfigurationList = 94441F191808CFD800E5BB99 /* Build configuration list for PBXProject "Nerdfeed" */;
			compatibilityVersion = "Xcode 3.2";
			developmentRegion = English;
			hasScannedForEncodings = 0;
			knownRegions = (
				en,
			);
			mainGroup = 94441F151808CFD800E5BB99;
			productRefGroup = 94441F1F1808CFD800E5BB99 /* Products */;
			projectDirPath = "";
			projectRoot = "";
			targets = (
				94441F1D1808CFD800E5BB99 /* Nerdfeed */,
				94441F381808CFD800E5BB99 /* NerdfeedTests */,
			);
		};
/* End PBXProject section */

/* Begin PBXResourcesBuildPhase section */
		94441F1C1808CFD800E5BB99 /* Resources */ = {
			isa = PBXResourcesBuildPhase;
			buildActionMask = 2147483647;
			files = (
				94441F2C1808CFD800E5BB99 /* InfoPlist.strings in Resources */,
				94441F341808CFD800E5BB99 /* Images.xcassets in Resources */,
			);
			runOnlyForDeploymentPostprocessing = 0;
		};
		94441F371808CFD800E5BB99 /* Resources */ = {
			isa = PBXResourcesBuildPhase;
			buildActionMask = 2147483647;
			files = (
				94441F451808CFD800E5BB99 /* InfoPlist.strings in Resources */,
			);
			runOnlyForDeploymentPostprocessing = 0;
		};
/* End PBXResourcesBuildPhase section */

/* Begin PBXSourcesBuildPhase section */
		94441F1A1808CFD800E5BB99 /* Sources */ = {
			isa = PBXSourcesBuildPhase;
			buildActionMask = 2147483647;
			files = (
				94441F551809E67600E5BB99 /* RSSChannel.m in Sources */,
				94441F5B180A267900E5BB99 /* WebViewController.m in Sources */,
				94441F58180A1C7100E5BB99 /* RSSItem.m in Sources */,
				94441F321808CFD800E5BB99 /* AppDelegate.m in Sources */,
				94E26537180F55BA00128ADD /* BNRFeedStore.m in Sources */,
				94441F2E1808CFD800E5BB99 /* main.m in Sources */,
				94441F521808EBFF00E5BB99 /* ListViewController.m in Sources */,
				94441F5E180CA7B100E5BB99 /* ChannelViewController.m in Sources */,
			);
			runOnlyForDeploymentPostprocessing = 0;
		};
		94441F351808CFD800E5BB99 /* Sources */ = {
			isa = PBXSourcesBuildPhase;
			buildActionMask = 2147483647;
			files = (
				94441F471808CFD800E5BB99 /* NerdfeedTests.m in Sources */,
			);
			runOnlyForDeploymentPostprocessing = 0;
		};
/* End PBXSourcesBuildPhase section */

/* Begin PBXTargetDependency section */
		94441F3F1808CFD800E5BB99 /* PBXTargetDependency */ = {
			isa = PBXTargetDependency;
			target = 94441F1D1808CFD800E5BB99 /* Nerdfeed */;
			targetProxy = 94441F3E1808CFD800E5BB99 /* PBXContainerItemProxy */;
		};
/* End PBXTargetDependency section */

/* Begin PBXVariantGroup section */
		94441F2A1808CFD800E5BB99 /* InfoPlist.strings */ = {
			isa = PBXVariantGroup;
			children = (
				94441F2B1808CFD800E5BB99 /* en */,
			);
			name = InfoPlist.strings;
			sourceTree = "<group>";
		};
		94441F431808CFD800E5BB99 /* InfoPlist.strings */ = {
			isa = PBXVariantGroup;
			children = (
				94441F441808CFD800E5BB99 /* en */,
			);
			name = InfoPlist.strings;
			sourceTree = "<group>";
		};
/* End PBXVariantGroup section */

/* Begin XCBuildConfiguration section */
		94441F481808CFD800E5BB99 /* Debug */ = {
			isa = XCBuildConfiguration;
			buildSettings = {
				ALWAYS_SEARCH_USER_PATHS = NO;
				ARCHS = "$(ARCHS_STANDARD_INCLUDING_64_BIT)";
				CLANG_CXX_LANGUAGE_STANDARD = "gnu++0x";
				CLANG_CXX_LIBRARY = "libc++";
				CLANG_ENABLE_MODULES = YES;
				CLANG_ENABLE_OBJC_ARC = YES;
				CLANG_WARN_BOOL_CONVERSION = YES;
				CLANG_WARN_CONSTANT_CONVERSION = YES;
				CLANG_WARN_DIRECT_OBJC_ISA_USAGE = YES_ERROR;
				CLANG_WARN_EMPTY_BODY = YES;
				CLANG_WARN_ENUM_CONVERSION = YES;
				CLANG_WARN_INT_CONVERSION = YES;
				CLANG_WARN_OBJC_ROOT_CLASS = YES_ERROR;
				CLANG_WARN__DUPLICATE_METHOD_MATCH = YES;
				"CODE_SIGN_IDENTITY[sdk=iphoneos*]" = "iPhone Developer";
				COPY_PHASE_STRIP = NO;
				GCC_C_LANGUAGE_STANDARD = gnu99;
				GCC_DYNAMIC_NO_PIC = NO;
				GCC_OPTIMIZATION_LEVEL = 0;
				GCC_PREPROCESSOR_DEFINITIONS = (
					"DEBUG=1",
					"$(inherited)",
				);
				GCC_SYMBOLS_PRIVATE_EXTERN = NO;
				GCC_WARN_64_TO_32_BIT_CONVERSION = YES;
				GCC_WARN_ABOUT_RETURN_TYPE = YES_ERROR;
				GCC_WARN_UNDECLARED_SELECTOR = YES;
				GCC_WARN_UNINITIALIZED_AUTOS = YES;
				GCC_WARN_UNUSED_FUNCTION = YES;
				GCC_WARN_UNUSED_VARIABLE = YES;
				IPHONEOS_DEPLOYMENT_TARGET = 7.0;
				ONLY_ACTIVE_ARCH = YES;
				SDKROOT = iphoneos;
				TARGETED_DEVICE_FAMILY = "1,2";
			};
			name = Debug;
		};
		94441F491808CFD800E5BB99 /* Release */ = {
			isa = XCBuildConfiguration;
			buildSettings = {
				ALWAYS_SEARCH_USER_PATHS = NO;
				ARCHS = "$(ARCHS_STANDARD_INCLUDING_64_BIT)";
				CLANG_CXX_LANGUAGE_STANDARD = "gnu++0x";
				CLANG_CXX_LIBRARY = "libc++";
				CLANG_ENABLE_MODULES = YES;
				CLANG_ENABLE_OBJC_ARC = YES;
				CLANG_WARN_BOOL_CONVERSION = YES;
				CLANG_WARN_CONSTANT_CONVERSION = YES;
				CLANG_WARN_DIRECT_OBJC_ISA_USAGE = YES_ERROR;
				CLANG_WARN_EMPTY_BODY = YES;
				CLANG_WARN_ENUM_CONVERSION = YES;
				CLANG_WARN_INT_CONVERSION = YES;
				CLANG_WARN_OBJC_ROOT_CLASS = YES_ERROR;
				CLANG_WARN__DUPLICATE_METHOD_MATCH = YES;
				"CODE_SIGN_IDENTITY[sdk=iphoneos*]" = "iPhone Developer";
				COPY_PHASE_STRIP = YES;
				ENABLE_NS_ASSERTIONS = NO;
				GCC_C_LANGUAGE_STANDARD = gnu99;
				GCC_WARN_64_TO_32_BIT_CONVERSION = YES;
				GCC_WARN_ABOUT_RETURN_TYPE = YES_ERROR;
				GCC_WARN_UNDECLARED_SELECTOR = YES;
				GCC_WARN_UNINITIALIZED_AUTOS = YES;
				GCC_WARN_UNUSED_FUNCTION = YES;
				GCC_WARN_UNUSED_VARIABLE = YES;
				IPHONEOS_DEPLOYMENT_TARGET = 7.0;
				SDKROOT = iphoneos;
				TARGETED_DEVICE_FAMILY = "1,2";
				VALIDATE_PRODUCT = YES;
			};
			name = Release;
		};
		94441F4B1808CFD800E5BB99 /* Debug */ = {
			isa = XCBuildConfiguration;
			buildSettings = {
				ASSETCATALOG_COMPILER_APPICON_NAME = AppIcon;
				ASSETCATALOG_COMPILER_LAUNCHIMAGE_NAME = LaunchImage;
				GCC_PRECOMPILE_PREFIX_HEADER = YES;
				GCC_PREFIX_HEADER = "Nerdfeed/Nerdfeed-Prefix.pch";
				INFOPLIST_FILE = "Nerdfeed/Nerdfeed-Info.plist";
				PRODUCT_NAME = "$(TARGET_NAME)";
				WRAPPER_EXTENSION = app;
			};
			name = Debug;
		};
		94441F4C1808CFD800E5BB99 /* Release */ = {
			isa = XCBuildConfiguration;
			buildSettings = {
				ASSETCATALOG_COMPILER_APPICON_NAME = AppIcon;
				ASSETCATALOG_COMPILER_LAUNCHIMAGE_NAME = LaunchImage;
				GCC_PRECOMPILE_PREFIX_HEADER = YES;
				GCC_PREFIX_HEADER = "Nerdfeed/Nerdfeed-Prefix.pch";
				INFOPLIST_FILE = "Nerdfeed/Nerdfeed-Info.plist";
				PRODUCT_NAME = "$(TARGET_NAME)";
				WRAPPER_EXTENSION = app;
			};
			name = Release;
		};
		94441F4E1808CFD800E5BB99 /* Debug */ = {
			isa = XCBuildConfiguration;
			buildSettings = {
				ARCHS = "$(ARCHS_STANDARD_INCLUDING_64_BIT)";
				BUNDLE_LOADER = "$(BUILT_PRODUCTS_DIR)/Nerdfeed.app/Nerdfeed";
				FRAMEWORK_SEARCH_PATHS = (
					"$(SDKROOT)/Developer/Library/Frameworks",
					"$(inherited)",
					"$(DEVELOPER_FRAMEWORKS_DIR)",
				);
				GCC_PRECOMPILE_PREFIX_HEADER = YES;
				GCC_PREFIX_HEADER = "Nerdfeed/Nerdfeed-Prefix.pch";
				GCC_PREPROCESSOR_DEFINITIONS = (
					"DEBUG=1",
					"$(inherited)",
				);
				INFOPLIST_FILE = "NerdfeedTests/NerdfeedTests-Info.plist";
				PRODUCT_NAME = "$(TARGET_NAME)";
				TEST_HOST = "$(BUNDLE_LOADER)";
				WRAPPER_EXTENSION = xctest;
			};
			name = Debug;
		};
		94441F4F1808CFD800E5BB99 /* Release */ = {
			isa = XCBuildConfiguration;
			buildSettings = {
				ARCHS = "$(ARCHS_STANDARD_INCLUDING_64_BIT)";
				BUNDLE_LOADER = "$(BUILT_PRODUCTS_DIR)/Nerdfeed.app/Nerdfeed";
				FRAMEWORK_SEARCH_PATHS = (
					"$(SDKROOT)/Developer/Library/Frameworks",
					"$(inherited)",
					"$(DEVELOPER_FRAMEWORKS_DIR)",
				);
				GCC_PRECOMPILE_PREFIX_HEADER = YES;
				GCC_PREFIX_HEADER = "Nerdfeed/Nerdfeed-Prefix.pch";
				INFOPLIST_FILE = "NerdfeedTests/NerdfeedTests-Info.plist";
				PRODUCT_NAME = "$(TARGET_NAME)";
				TEST_HOST = "$(BUNDLE_LOADER)";
				WRAPPER_EXTENSION = xctest;
			};
			name = Release;
		};
/* End XCBuildConfiguration section */

/* Begin XCConfigurationList section */
		94441F191808CFD800E5BB99 /* Build configuration list for PBXProject "Nerdfeed" */ = {
			isa = XCConfigurationList;
			buildConfigurations = (
				94441F481808CFD800E5BB99 /* Debug */,
				94441F491808CFD800E5BB99 /* Release */,
			);
			defaultConfigurationIsVisible = 0;
			defaultConfigurationName = Release;
		};
		94441F4A1808CFD800E5BB99 /* Build configuration list for PBXNativeTarget "Nerdfeed" */ = {
			isa = XCConfigurationList;
			buildConfigurations = (
				94441F4B1808CFD800E5BB99 /* Debug */,
				94441F4C1808CFD800E5BB99 /* Release */,
			);
			defaultConfigurationIsVisible = 0;
			defaultConfigurationName = Release;
		};
		94441F4D1808CFD800E5BB99 /* Build configuration list for PBXNativeTarget "NerdfeedTests" */ = {
			isa = XCConfigurationList;
			buildConfigurations = (
				94441F4E1808CFD800E5BB99 /* Debug */,
				94441F4F1808CFD800E5BB99 /* Release */,
			);
			defaultConfigurationIsVisible = 0;
			defaultConfigurationName = Release;
		};
/* End XCConfigurationList section */
	};
	rootObject = 94441F161808CFD800E5BB99 /* Project object */;
}
